Microsoft Visual Studio Solution File, Format Version 11.00
# Visual Studio 2008

Project("{C5793F51-6287-438A-016F-D4E65BD717A3}") = "Time Manip", "Assembly-CSharp-firstpass.csproj", "{7A845C02-5A66-06D9-34F5-CD4C66148A60}"
EndProject
Project("{C5793F51-6287-438A-016F-D4E65BD717A3}") = "Time Manip", "Assembly-CSharp.csproj", "{32BCB3E2-E5B0-6EA5-AD36-F670830825C3}"
EndProject
Project("{C5793F51-6287-438A-016F-D4E65BD717A3}") = "Time Manip", "Assembly-CSharp-Editor-firstpass.csproj", "{3E1D0FFD-C1F0-D8AE-3EC4-3DCC6535D984}"
EndProject
Project("{C5793F51-6287-438A-016F-D4E65BD717A3}") = "Time Manip", "Assembly-CSharp-Editor.csproj", "{7A6C45F9-7B41-B906-1C0C-CD309051B5EE}"
EndProject
Global
	GlobalSection(SolutionConfigurationPlatforms) = preSolution
		Debug|Any CPU = Debug|Any CPU
		Release|Any CPU = Release|Any CPU
	EndGlobalSection
	GlobalSection(ProjectConfigurationPlatforms) = postSolution
		{7A845C02-5A66-06D9-34F5-CD4C66148A60}.Debug|Any CPU.ActiveCfg = Debug|Any CPU
		{7A845C02-5A66-06D9-34F5-CD4C66148A60}.Debug|Any CPU.Build.0 = Debug|Any CPU
		{7A845C02-5A66-06D9-34F5-CD4C66148A60}.Release|Any CPU.ActiveCfg = Release|Any CPU
		{7A845C02-5A66-06D9-34F5-CD4C66148A60}.Release|Any CPU.Build.0 = Release|Any CPU
		{32BCB3E2-E5B0-6EA5-AD36-F670830825C3}.Debug|Any CPU.ActiveCfg = Debug|Any CPU
		{32BCB3E2-E5B0-6EA5-AD36-F670830825C3}.Debug|Any CPU.Build.0 = Debug|Any CPU
		{32BCB3E2-E5B0-6EA5-AD36-F670830825C3}.Release|Any CPU.ActiveCfg = Release|Any CPU
		{32BCB3E2-E5B0-6EA5-AD36-F670830825C3}.Release|Any CPU.Build.0 = Release|Any CPU
		{3E1D0FFD-C1F0-D8AE-3EC4-3DCC6535D984}.Debug|Any CPU.ActiveCfg = Debug|Any CPU
		{3E1D0FFD-C1F0-D8AE-3EC4-3DCC6535D984}.Debug|Any CPU.Build.0 = Debug|Any CPU
		{3E1D0FFD-C1F0-D8AE-3EC4-3DCC6535D984}.Release|Any CPU.ActiveCfg = Release|Any CPU
		{3E1D0FFD-C1F0-D8AE-3EC4-3DCC6535D984}.Release|Any CPU.Build.0 = Release|Any CPU
		{7A6C45F9-7B41-B906-1C0C-CD309051B5EE}.Debug|Any CPU.ActiveCfg = Debug|Any CPU
		{7A6C45F9-7B41-B906-1C0C-CD309051B5EE}.Debug|Any CPU.Build.0 = Debug|Any CPU
		{7A6C45F9-7B41-B906-1C0C-CD309051B5EE}.Release|Any CPU.ActiveCfg = Release|Any CPU
		{7A6C45F9-7B41-B906-1C0C-CD309051B5EE}.Release|Any CPU.Build.0 = Release|Any CPU
	EndGlobalSection
	GlobalSection(SolutionProperties) = preSolution
		HideSolutionNode = FALSE
	EndGlobalSection
	GlobalSection(MonoDevelopProperties) = preSolution
		StartupItem = Assembly-CSharp.csproj
	EndGlobalSection
EndGlobal
